dependencies:
- name: postgresql
  repository: https://charts.bitnami.com/bitnami
  version: 10.13.15
- name: redis
  repository: https://charts.bitnami.com/bitnami
  version: 15.6.10
- name: minio
  repository: https://charts.min.io/
  version: 3.4.5
digest: sha256:a43f6b06ee3921473da17d3a936715321789104f320240d786ac642c5224513e
generated: "2022-01-06T17:23:37.038066622+01:00"
